
Microsoft Visual Studio Solution File, Format Version 12.00
# Visual Studio 15
VisualStudioVersion = 15.0.27703.2018
MinimumVisualStudioVersion = 10.0.40219.1
Project("{FAE04EC0-301F-11D3-BF4B-00C04F79EFBC}") = "UnitTest.Domain", "UnitTest.Domain\UnitTest.Domain.csproj", "{72DB5B67-6F0B-4B88-BC32-F38CD3F92434}"
EndProject
Project("{2150E333-8FDC-42A3-9474-1A3956D46DE8}") = "tests", "tests", "{AED9A33D-63EC-4F9B-8D3D-8EC6007B9189}"
EndProject
Project("{2150E333-8FDC-42A3-9474-1A3956D46DE8}") = "src", "src", "{B312845D-BA08-471B-A338-373D1C678CDD}"
EndProject
Project("{FAE04EC0-301F-11D3-BF4B-00C04F79EFBC}") = "FlightFuelConsumption.Core", "FlightFuelConsumption.Core\FlightFuelConsumption.Core.csproj", "{315983D4-98DA-4318-90DF-98D6CB2316EB}"
EndProject
Project("{FAE04EC0-301F-11D3-BF4B-00C04F79EFBC}") = "FlightFuelConsumption.Infrastructure", "FlightFuelConsumption.Infrastructure\FlightFuelConsumption.Infrastructure.csproj", "{0353331C-BDA3-45D1-ADBD-DC0B1255D86A}"
EndProject
Global
	GlobalSection(SolutionConfigurationPlatforms) = preSolution
		Debug|Any CPU = Debug|Any CPU
		Release|Any CPU = Release|Any CPU
	EndGlobalSection
	GlobalSection(ProjectConfigurationPlatforms) = postSolution
		{72DB5B67-6F0B-4B88-BC32-F38CD3F92434}.Debug|Any CPU.ActiveCfg = Debug|Any CPU
		{72DB5B67-6F0B-4B88-BC32-F38CD3F92434}.Debug|Any CPU.Build.0 = Debug|Any CPU
		{72DB5B67-6F0B-4B88-BC32-F38CD3F92434}.Release|Any CPU.ActiveCfg = Release|Any CPU
		{72DB5B67-6F0B-4B88-BC32-F38CD3F92434}.Release|Any CPU.Build.0 = Release|Any CPU
		{315983D4-98DA-4318-90DF-98D6CB2316EB}.Debug|Any CPU.ActiveCfg = Debug|Any CPU
		{315983D4-98DA-4318-90DF-98D6CB2316EB}.Debug|Any CPU.Build.0 = Debug|Any CPU
		{315983D4-98DA-4318-90DF-98D6CB2316EB}.Release|Any CPU.ActiveCfg = Release|Any CPU
		{315983D4-98DA-4318-90DF-98D6CB2316EB}.Release|Any CPU.Build.0 = Release|Any CPU
		{0353331C-BDA3-45D1-ADBD-DC0B1255D86A}.Debug|Any CPU.ActiveCfg = Debug|Any CPU
		{0353331C-BDA3-45D1-ADBD-DC0B1255D86A}.Debug|Any CPU.Build.0 = Debug|Any CPU
		{0353331C-BDA3-45D1-ADBD-DC0B1255D86A}.Release|Any CPU.ActiveCfg = Release|Any CPU
		{0353331C-BDA3-45D1-ADBD-DC0B1255D86A}.Release|Any CPU.Build.0 = Release|Any CPU
	EndGlobalSection
	GlobalSection(SolutionProperties) = preSolution
		HideSolutionNode = FALSE
	EndGlobalSection
	GlobalSection(NestedProjects) = preSolution
		{72DB5B67-6F0B-4B88-BC32-F38CD3F92434} = {AED9A33D-63EC-4F9B-8D3D-8EC6007B9189}
		{315983D4-98DA-4318-90DF-98D6CB2316EB} = {B312845D-BA08-471B-A338-373D1C678CDD}
		{0353331C-BDA3-45D1-ADBD-DC0B1255D86A} = {B312845D-BA08-471B-A338-373D1C678CDD}
	EndGlobalSection
	GlobalSection(ExtensibilityGlobals) = postSolution
		SolutionGuid = {EF58BCE9-B0FF-4E06-BF5C-431F0270E2F7}
	EndGlobalSection
EndGlobal
