
Microsoft Visual Studio Solution File, Format Version 12.00
# Visual Studio 15
VisualStudioVersion = 15.0.27703.2018
MinimumVisualStudioVersion = 10.0.40219.1
Project("{FAE04EC0-301F-11D3-BF4B-00C04F79EFBC}") = "FileLibrary", "FileLibrary\FileLibrary.csproj", "{33AD2594-3F71-42C8-87C9-DE83F9F027A1}"
EndProject
Project("{FAE04EC0-301F-11D3-BF4B-00C04F79EFBC}") = "UnitTests.Domain", "UnitTests.Domain\UnitTests.Domain.csproj", "{41FE2748-E698-4C14-8FE1-EE998CE35899}"
EndProject
Global
	GlobalSection(SolutionConfigurationPlatforms) = preSolution
		Debug|Any CPU = Debug|Any CPU
		Release|Any CPU = Release|Any CPU
	EndGlobalSection
	GlobalSection(ProjectConfigurationPlatforms) = postSolution
		{33AD2594-3F71-42C8-87C9-DE83F9F027A1}.Debug|Any CPU.ActiveCfg = Debug|Any CPU
		{33AD2594-3F71-42C8-87C9-DE83F9F027A1}.Debug|Any CPU.Build.0 = Debug|Any CPU
		{33AD2594-3F71-42C8-87C9-DE83F9F027A1}.Release|Any CPU.ActiveCfg = Release|Any CPU
		{33AD2594-3F71-42C8-87C9-DE83F9F027A1}.Release|Any CPU.Build.0 = Release|Any CPU
		{41FE2748-E698-4C14-8FE1-EE998CE35899}.Debug|Any CPU.ActiveCfg = Debug|Any CPU
		{41FE2748-E698-4C14-8FE1-EE998CE35899}.Debug|Any CPU.Build.0 = Debug|Any CPU
		{41FE2748-E698-4C14-8FE1-EE998CE35899}.Release|Any CPU.ActiveCfg = Release|Any CPU
		{41FE2748-E698-4C14-8FE1-EE998CE35899}.Release|Any CPU.Build.0 = Release|Any CPU
	EndGlobalSection
	GlobalSection(SolutionProperties) = preSolution
		HideSolutionNode = FALSE
	EndGlobalSection
	GlobalSection(ExtensibilityGlobals) = postSolution
		SolutionGuid = {EE3C51EC-339F-4BF4-9062-29C32E548403}
	EndGlobalSection
EndGlobal
